
Microsoft Visual Studio Solution File, Format Version 12.00
# Visual Studio Version 17
VisualStudioVersion = 17.6.33723.286
MinimumVisualStudioVersion = 10.0.40219.1
Project("{FAE04EC0-301F-11D3-BF4B-00C04F79EFBC}") = "HomeWork29", "HomeWork29\HomeWork29.csproj", "{6EA5DD66-5FC4-433F-864B-4580C8737640}"
EndProject
Global
	GlobalSection(SolutionConfigurationPlatforms) = preSolution
		Debug|Any CPU = Debug|Any CPU
		Release|Any CPU = Release|Any CPU
	EndGlobalSection
	GlobalSection(ProjectConfigurationPlatforms) = postSolution
		{6EA5DD66-5FC4-433F-864B-4580C8737640}.Debug|Any CPU.ActiveCfg = Debug|Any CPU
		{6EA5DD66-5FC4-433F-864B-4580C8737640}.Debug|Any CPU.Build.0 = Debug|Any CPU
		{6EA5DD66-5FC4-433F-864B-4580C8737640}.Release|Any CPU.ActiveCfg = Release|Any CPU
		{6EA5DD66-5FC4-433F-864B-4580C8737640}.Release|Any CPU.Build.0 = Release|Any CPU
	EndGlobalSection
	GlobalSection(SolutionProperties) = preSolution
		HideSolutionNode = FALSE
	EndGlobalSection
	GlobalSection(ExtensibilityGlobals) = postSolution
		SolutionGuid = {8A38A54C-7A00-46C9-8AC4-DDFB3700373D}
	EndGlobalSection
EndGlobal
