
Microsoft Visual Studio Solution File, Format Version 12.00
# Visual Studio Version 17
VisualStudioVersion = 17.6.33723.286
MinimumVisualStudioVersion = 10.0.40219.1
Project("{FAE04EC0-301F-11D3-BF4B-00C04F79EFBC}") = "CourseWork", "CourseWork\CourseWork.csproj", "{3D154AA7-D826-4649-A1CC-7821C0646ACA}"
EndProject
Global
	GlobalSection(SolutionConfigurationPlatforms) = preSolution
		Debug|Any CPU = Debug|Any CPU
		Release|Any CPU = Release|Any CPU
	EndGlobalSection
	GlobalSection(ProjectConfigurationPlatforms) = postSolution
		{3D154AA7-D826-4649-A1CC-7821C0646ACA}.Debug|Any CPU.ActiveCfg = Debug|Any CPU
		{3D154AA7-D826-4649-A1CC-7821C0646ACA}.Debug|Any CPU.Build.0 = Debug|Any CPU
		{3D154AA7-D826-4649-A1CC-7821C0646ACA}.Release|Any CPU.ActiveCfg = Release|Any CPU
		{3D154AA7-D826-4649-A1CC-7821C0646ACA}.Release|Any CPU.Build.0 = Release|Any CPU
	EndGlobalSection
	GlobalSection(SolutionProperties) = preSolution
		HideSolutionNode = FALSE
	EndGlobalSection
	GlobalSection(ExtensibilityGlobals) = postSolution
		SolutionGuid = {812727A9-BD6B-44AE-A37B-12C01110DD61}
	EndGlobalSection
EndGlobal
