
Microsoft Visual Studio Solution File, Format Version 12.00
# Visual Studio Version 17
VisualStudioVersion = 17.6.33723.286
MinimumVisualStudioVersion = 10.0.40219.1
Project("{FAE04EC0-301F-11D3-BF4B-00C04F79EFBC}") = "HomeWork20", "HomeWork20\HomeWork20.csproj", "{2F907DDF-C4C6-4C61-818D-D2E22761E3D8}"
EndProject
Global
	GlobalSection(SolutionConfigurationPlatforms) = preSolution
		Debug|Any CPU = Debug|Any CPU
		Release|Any CPU = Release|Any CPU
	EndGlobalSection
	GlobalSection(ProjectConfigurationPlatforms) = postSolution
		{2F907DDF-C4C6-4C61-818D-D2E22761E3D8}.Debug|Any CPU.ActiveCfg = Debug|Any CPU
		{2F907DDF-C4C6-4C61-818D-D2E22761E3D8}.Debug|Any CPU.Build.0 = Debug|Any CPU
		{2F907DDF-C4C6-4C61-818D-D2E22761E3D8}.Release|Any CPU.ActiveCfg = Release|Any CPU
		{2F907DDF-C4C6-4C61-818D-D2E22761E3D8}.Release|Any CPU.Build.0 = Release|Any CPU
	EndGlobalSection
	GlobalSection(SolutionProperties) = preSolution
		HideSolutionNode = FALSE
	EndGlobalSection
	GlobalSection(ExtensibilityGlobals) = postSolution
		SolutionGuid = {B451BCBE-537F-4E72-9CF1-320F366D7984}
	EndGlobalSection
EndGlobal
