
Microsoft Visual Studio Solution File, Format Version 12.00
# Visual Studio Version 17
VisualStudioVersion = 17.6.33723.286
MinimumVisualStudioVersion = 10.0.40219.1
Project("{FAE04EC0-301F-11D3-BF4B-00C04F79EFBC}") = "HomeWork4", "HomeWork4\HomeWork4.csproj", "{37DAFE42-8D3D-46EF-889C-8D36EC3DD335}"
EndProject
Global
	GlobalSection(SolutionConfigurationPlatforms) = preSolution
		Debug|Any CPU = Debug|Any CPU
		Release|Any CPU = Release|Any CPU
	EndGlobalSection
	GlobalSection(ProjectConfigurationPlatforms) = postSolution
		{37DAFE42-8D3D-46EF-889C-8D36EC3DD335}.Debug|Any CPU.ActiveCfg = Debug|Any CPU
		{37DAFE42-8D3D-46EF-889C-8D36EC3DD335}.Debug|Any CPU.Build.0 = Debug|Any CPU
		{37DAFE42-8D3D-46EF-889C-8D36EC3DD335}.Release|Any CPU.ActiveCfg = Release|Any CPU
		{37DAFE42-8D3D-46EF-889C-8D36EC3DD335}.Release|Any CPU.Build.0 = Release|Any CPU
	EndGlobalSection
	GlobalSection(SolutionProperties) = preSolution
		HideSolutionNode = FALSE
	EndGlobalSection
	GlobalSection(ExtensibilityGlobals) = postSolution
		SolutionGuid = {A0B18491-7C04-4C3B-B91E-5D1E2C65861B}
	EndGlobalSection
EndGlobal
