
Microsoft Visual Studio Solution File, Format Version 12.00
# Visual Studio Version 17
VisualStudioVersion = 17.6.33723.286
MinimumVisualStudioVersion = 10.0.40219.1
Project("{FAE04EC0-301F-11D3-BF4B-00C04F79EFBC}") = "HomeWork 2", "HomeWork 2\HomeWork 2.csproj", "{58A458F3-A263-4B4D-A28F-33FDED0456EE}"
EndProject
Global
	GlobalSection(SolutionConfigurationPlatforms) = preSolution
		Debug|Any CPU = Debug|Any CPU
		Release|Any CPU = Release|Any CPU
	EndGlobalSection
	GlobalSection(ProjectConfigurationPlatforms) = postSolution
		{58A458F3-A263-4B4D-A28F-33FDED0456EE}.Debug|Any CPU.ActiveCfg = Debug|Any CPU
		{58A458F3-A263-4B4D-A28F-33FDED0456EE}.Debug|Any CPU.Build.0 = Debug|Any CPU
		{58A458F3-A263-4B4D-A28F-33FDED0456EE}.Release|Any CPU.ActiveCfg = Release|Any CPU
		{58A458F3-A263-4B4D-A28F-33FDED0456EE}.Release|Any CPU.Build.0 = Release|Any CPU
	EndGlobalSection
	GlobalSection(SolutionProperties) = preSolution
		HideSolutionNode = FALSE
	EndGlobalSection
	GlobalSection(ExtensibilityGlobals) = postSolution
		SolutionGuid = {2C7EA5B0-B67B-4104-A800-A7A8E87FB3A3}
	EndGlobalSection
EndGlobal
